
Microsoft Visual Studio Solution File, Format Version 12.00
# Visual Studio Version 17
VisualStudioVersion = 17.3.32901.215
MinimumVisualStudioVersion = 10.0.40219.1
Project("{FAE04EC0-301F-11D3-BF4B-00C04F79EFBC}") = "1.DAL", "1.DAL\1.DAL.csproj", "{E4D846C0-9650-4C40-ABD5-3BC00349DD3D}"
EndProject
Project("{FAE04EC0-301F-11D3-BF4B-00C04F79EFBC}") = "2.BUS", "2.BUS\2.BUS.csproj", "{138687B7-CA0C-45B3-A044-2C855117074F}"
EndProject
Project("{FAE04EC0-301F-11D3-BF4B-00C04F79EFBC}") = "3.PL", "3.PL\3.PL.csproj", "{63C5DA8C-E5AE-4911-BD96-4DA72D1A0545}"
EndProject
Global
	GlobalSection(SolutionConfigurationPlatforms) = preSolution
		Debug|Any CPU = Debug|Any CPU
		Release|Any CPU = Release|Any CPU
	EndGlobalSection
	GlobalSection(ProjectConfigurationPlatforms) = postSolution
		{E4D846C0-9650-4C40-ABD5-3BC00349DD3D}.Debug|Any CPU.ActiveCfg = Debug|Any CPU
		{E4D846C0-9650-4C40-ABD5-3BC00349DD3D}.Debug|Any CPU.Build.0 = Debug|Any CPU
		{E4D846C0-9650-4C40-ABD5-3BC00349DD3D}.Release|Any CPU.ActiveCfg = Release|Any CPU
		{E4D846C0-9650-4C40-ABD5-3BC00349DD3D}.Release|Any CPU.Build.0 = Release|Any CPU
		{138687B7-CA0C-45B3-A044-2C855117074F}.Debug|Any CPU.ActiveCfg = Debug|Any CPU
		{138687B7-CA0C-45B3-A044-2C855117074F}.Debug|Any CPU.Build.0 = Debug|Any CPU
		{138687B7-CA0C-45B3-A044-2C855117074F}.Release|Any CPU.ActiveCfg = Release|Any CPU
		{138687B7-CA0C-45B3-A044-2C855117074F}.Release|Any CPU.Build.0 = Release|Any CPU
		{63C5DA8C-E5AE-4911-BD96-4DA72D1A0545}.Debug|Any CPU.ActiveCfg = Debug|Any CPU
		{63C5DA8C-E5AE-4911-BD96-4DA72D1A0545}.Debug|Any CPU.Build.0 = Debug|Any CPU
		{63C5DA8C-E5AE-4911-BD96-4DA72D1A0545}.Release|Any CPU.ActiveCfg = Release|Any CPU
		{63C5DA8C-E5AE-4911-BD96-4DA72D1A0545}.Release|Any CPU.Build.0 = Release|Any CPU
	EndGlobalSection
	GlobalSection(SolutionProperties) = preSolution
		HideSolutionNode = FALSE
	EndGlobalSection
	GlobalSection(ExtensibilityGlobals) = postSolution
		SolutionGuid = {12EF1399-1FCA-4532-98B3-ED83CF429321}
	EndGlobalSection
EndGlobal
